
Microsoft Visual Studio Solution File, Format Version 12.00
# Visual Studio Version 17
VisualStudioVersion = 17.14.36603.0 d17.14
MinimumVisualStudioVersion = 10.0.40219.1
Project("{FAE04EC0-301F-11D3-BF4B-00C04F79EFBC}") = "TOAST-HMI", "TOAST-HMI.csproj", "{F828CE5F-FE8B-4089-9236-3C650302732B}"
EndProject
Global
	GlobalSection(SolutionConfigurationPlatforms) = preSolution
		Debug|Any CPU = Debug|Any CPU
		Release|Any CPU = Release|Any CPU
	EndGlobalSection
	GlobalSection(ProjectConfigurationPlatforms) = postSolution
		{F828CE5F-FE8B-4089-9236-3C650302732B}.Debug|Any CPU.ActiveCfg = Debug|Any CPU
		{F828CE5F-FE8B-4089-9236-3C650302732B}.Debug|Any CPU.Build.0 = Debug|Any CPU
		{F828CE5F-FE8B-4089-9236-3C650302732B}.Release|Any CPU.ActiveCfg = Release|Any CPU
		{F828CE5F-FE8B-4089-9236-3C650302732B}.Release|Any CPU.Build.0 = Release|Any CPU
	EndGlobalSection
	GlobalSection(SolutionProperties) = preSolution
		HideSolutionNode = FALSE
	EndGlobalSection
	GlobalSection(ExtensibilityGlobals) = postSolution
		SolutionGuid = {A5F15348-2DD7-4C2D-B9DA-C18050474B0C}
	EndGlobalSection
EndGlobal
